
Microsoft Visual Studio Solution File, Format Version 12.00
# Visual Studio Version 16
VisualStudioVersion = 16.0.28922.388
MinimumVisualStudioVersion = 10.0.40219.1
Project("{FAE04EC0-301F-11D3-BF4B-00C04F79EFBC}") = "foodcruise", "foodcruise\foodcruise.csproj", "{4A9768E2-3E0A-456A-9338-31BFD0B4E0EF}"
EndProject
Global
	GlobalSection(SolutionConfigurationPlatforms) = preSolution
		Debug|Any CPU = Debug|Any CPU
		Release|Any CPU = Release|Any CPU
	EndGlobalSection
	GlobalSection(ProjectConfigurationPlatforms) = postSolution
		{4A9768E2-3E0A-456A-9338-31BFD0B4E0EF}.Debug|Any CPU.ActiveCfg = Debug|Any CPU
		{4A9768E2-3E0A-456A-9338-31BFD0B4E0EF}.Debug|Any CPU.Build.0 = Debug|Any CPU
		{4A9768E2-3E0A-456A-9338-31BFD0B4E0EF}.Release|Any CPU.ActiveCfg = Release|Any CPU
		{4A9768E2-3E0A-456A-9338-31BFD0B4E0EF}.Release|Any CPU.Build.0 = Release|Any CPU
	EndGlobalSection
	GlobalSection(SolutionProperties) = preSolution
		HideSolutionNode = FALSE
	EndGlobalSection
	GlobalSection(ExtensibilityGlobals) = postSolution
		SolutionGuid = {011D16FA-96D5-4E5E-8C31-712B88E1C3EF}
	EndGlobalSection
EndGlobal
